
Microsoft Visual Studio Solution File, Format Version 12.00
# Visual Studio 15
VisualStudioVersion = 15.0.26730.15
MinimumVisualStudioVersion = 10.0.40219.1
Project("{FAE04EC0-301F-11D3-BF4B-00C04F79EFBC}") = "AArea", "AArea\AArea.csproj", "{080E87B5-DC22-47FF-A585-E9C0C33AA050}"
EndProject
Project("{FAE04EC0-301F-11D3-BF4B-00C04F79EFBC}") = "AAreaTests", "AAreaTests\AAreaTests.csproj", "{C061CC0E-F960-4F66-8B51-FCDE488E2108}"
EndProject
Global
	GlobalSection(SolutionConfigurationPlatforms) = preSolution
		Debug|Any CPU = Debug|Any CPU
		Release|Any CPU = Release|Any CPU
	EndGlobalSection
	GlobalSection(ProjectConfigurationPlatforms) = postSolution
		{080E87B5-DC22-47FF-A585-E9C0C33AA050}.Debug|Any CPU.ActiveCfg = Debug|Any CPU
		{080E87B5-DC22-47FF-A585-E9C0C33AA050}.Debug|Any CPU.Build.0 = Debug|Any CPU
		{080E87B5-DC22-47FF-A585-E9C0C33AA050}.Release|Any CPU.ActiveCfg = Release|Any CPU
		{080E87B5-DC22-47FF-A585-E9C0C33AA050}.Release|Any CPU.Build.0 = Release|Any CPU
		{C061CC0E-F960-4F66-8B51-FCDE488E2108}.Debug|Any CPU.ActiveCfg = Debug|Any CPU
		{C061CC0E-F960-4F66-8B51-FCDE488E2108}.Debug|Any CPU.Build.0 = Debug|Any CPU
		{C061CC0E-F960-4F66-8B51-FCDE488E2108}.Release|Any CPU.ActiveCfg = Release|Any CPU
		{C061CC0E-F960-4F66-8B51-FCDE488E2108}.Release|Any CPU.Build.0 = Release|Any CPU
	EndGlobalSection
	GlobalSection(SolutionProperties) = preSolution
		HideSolutionNode = FALSE
	EndGlobalSection
	GlobalSection(ExtensibilityGlobals) = postSolution
		SolutionGuid = {D6935DEA-A318-4487-8F7D-7AA1EA365F50}
	EndGlobalSection
EndGlobal
